// !$*UTF8*$!
{
	archiveVersion = 1;
	classes = {
	};
	objectVersion = 46;
	objects = {

/* Begin PBXBuildFile section */
		C82AE1361CC5068800811BD9 /* AppDelegate.swift in Sources */ = {isa = PBXBuildFile; fileRef = C82AE1351CC5068800811BD9 /* AppDelegate.swift */; };
		C82AE1381CC5068800811BD9 /* ViewController.swift in Sources */ = {isa = PBXBuildFile; fileRef = C82AE1371CC5068800811BD9 /* ViewController.swift */; };
		C82AE13B1CC5068800811BD9 /* Main.storyboard in Resources */ = {isa = PBXBuildFile; fileRef = C82AE1391CC5068800811BD9 /* Main.storyboard */; };
		C82AE13D1CC5068800811BD9 /* Assets.xcassets in Resources */ = {isa = PBXBuildFile; fileRef = C82AE13C1CC5068800811BD9 /* Assets.xcassets */; };
		C82AE1401CC5068800811BD9 /* LaunchScreen.storyboard in Resources */ = {isa = PBXBuildFile; fileRef = C82AE13E1CC5068800811BD9 /* LaunchScreen.storyboard */; };
		C82AE14B1CC5068800811BD9 /* newjsqTests.swift in Sources */ = {isa = PBXBuildFile; fileRef = C82AE14A1CC5068800811BD9 /* newjsqTests.swift */; };
		C82AE1561CC5068800811BD9 /* newjsqUITests.swift in Sources */ = {isa = PBXBuildFile; fileRef = C82AE1551CC5068800811BD9 /* newjsqUITests.swift */; };
/* End PBXBuildFile section */

/* Begin PBXContainerItemProxy section */
		C82AE1471CC5068800811BD9 /* PBXContainerItemProxy */ = {
			isa = PBXContainerItemProxy;
			containerPortal = C82AE12A1CC5068800811BD9 /* Project object */;
			proxyType = 1;
			remoteGlobalIDString = C82AE1311CC5068800811BD9;
			remoteInfo = newjsq;
		};
		C82AE1521CC5068800811BD9 /* PBXContainerItemProxy */ = {
			isa = PBXContainerItemProxy;
			containerPortal = C82AE12A1CC5068800811BD9 /* Project object */;
			proxyType = 1;
			remoteGlobalIDString = C82AE1311CC5068800811BD9;
			remoteInfo = newjsq;
		};
/* End PBXContainerItemProxy section */

/* Begin PBXFileReference section */
		C82AE1321CC5068800811BD9 /* newjsq.app */ = {isa = PBXFileReference; explicitFileType = wrapper.application; includeInIndex = 0; path = newjsq.app; sourceTree = BUILT_PRODUCTS_DIR; };
		C82AE1351CC5068800811BD9 /* AppDelegate.swift */ = {isa = PBXFileReference; lastKnownFileType = sourcecode.swift; path = AppDelegate.swift; sourceTree = "<group>"; };
		C82AE1371CC5068800811BD9 /* ViewController.swift */ = {isa = PBXFileReference; lastKnownFileType = sourcecode.swift; path = ViewController.swift; sourceTree = "<group>"; };
		C82AE13A1CC5068800811BD9 /* Base */ = {isa = PBXFileReference; lastKnownFileType = file.storyboard; name = Base; path = Base.lproj/Main.storyboard; sourceTree = "<group>"; };
		C82AE13C1CC5068800811BD9 /* Assets.xcassets */ = {isa = PBXFileReference; lastKnownFileType = folder.assetcatalog; path = Assets.xcassets; sourceTree = "<group>"; };
		C82AE13F1CC5068800811BD9 /* Base */ = {isa = PBXFileReference; lastKnownFileType = file.storyboard; name = Base; path = Base.lproj/LaunchScreen.storyboard; sourceTree = "<group>"; };
		C82AE1411CC5068800811BD9 /* Info.plist */ = {isa = PBXFileReference; lastKnownFileType = text.plist.xml; path = Info.plist; sourceTree = "<group>"; };
		C82AE1461CC5068800811BD9 /* newjsqTests.xctest */ = {isa = PBXFileReference; explicitFileType = wrapper.cfbundle; includeInIndex = 0; path = newjsqTests.xctest; sourceTree = BUILT_PRODUCTS_DIR; };
		C82AE14A1CC5068800811BD9 /* newjsqTests.swift */ = {isa = PBXFileReference; lastKnownFileType = sourcecode.swift; path = newjsqTests.swift; sourceTree = "<group>"; };
		C82AE14C1CC5068800811BD9 /* Info.plist */ = {isa = PBXFileReference; lastKnownFileType = text.plist.xml; path = Info.plist; sourceTree = "<group>"; };
		C82AE1511CC5068800811BD9 /* newjsqUITests.xctest */ = {isa = PBXFileReference; explicitFileType = wrapper.cfbundle; includeInIndex = 0; path = newjsqUITests.xctest; sourceTree = BUILT_PRODUCTS_DIR; };
		C82AE1551CC5068800811BD9 /* newjsqUITests.swift */ = {isa = PBXFileReference; lastKnownFileType = sourcecode.swift; path = newjsqUITests.swift; sourceTree = "<group>"; };
		C82AE1571CC5068800811BD9 /* Info.plist */ = {isa = PBXFileReference; lastKnownFileType = text.plist.xml; path = Info.plist; sourceTree = "<group>"; };
/* End PBXFileReference section */

/* Begin PBXFrameworksBuildPhase section */
		C82AE12F1CC5068800811BD9 /* Frameworks */ = {
			isa = PBXFrameworksBuildPhase;
			buildActionMask = 2147483647;
			files = (
			);
			runOnlyForDeploymentPostprocessing = 0;
		};
		C82AE1431CC5068800811BD9 /* Frameworks */ = {
			isa = PBXFrameworksBuildPhase;
			buildActionMask = 2147483647;
			files = (
			);
			runOnlyForDeploymentPostprocessing = 0;
		};
		C82AE14E1CC5068800811BD9 /* Frameworks */ = {
			isa = PBXFrameworksBuildPhase;
			buildActionMask = 2147483647;
			files = (
			);
			runOnlyForDeploymentPostprocessing = 0;
		};
/* End PBXFrameworksBuildPhase section */

/* Begin PBXGroup section */
		C82AE1291CC5068800811BD9 = {
			isa = PBXGroup;
			children = (
				C82AE1341CC5068800811BD9 /* newjsq */,
				C82AE1491CC5068800811BD9 /* newjsqTests */,
				C82AE1541CC5068800811BD9 /* newjsqUITests */,
				C82AE1331CC5068800811BD9 /* Products */,
			);
			sourceTree = "<group>";
		};
		C82AE1331CC5068800811BD9 /* Products */ = {
			isa = PBXGroup;
			children = (
				C82AE1321CC5068800811BD9 /* newjsq.app */,
				C82AE1461CC5068800811BD9 /* newjsqTests.xctest */,
				C82AE1511CC5068800811BD9 /* newjsqUITests.xctest */,
			);
			name = Products;
			sourceTree = "<group>";
		};
		C82AE1341CC5068800811BD9 /* newjsq */ = {
			isa = PBXGroup;
			children = (
				C82AE1351CC5068800811BD9 /* AppDelegate.swift */,
				C82AE1371CC5068800811BD9 /* ViewController.swift */,
				C82AE1391CC5068800811BD9 /* Main.storyboard */,
				C82AE13C1CC5068800811BD9 /* Assets.xcassets */,
				C82AE13E1CC5068800811BD9 /* LaunchScreen.storyboard */,
				C82AE1411CC5068800811BD9 /* Info.plist */,
			);
			path = newjsq;
			sourceTree = "<group>";
		};
		C82AE1491CC5068800811BD9 /* newjsqTests */ = {
			isa = PBXGroup;
			children = (
				C82AE14A1CC5068800811BD9 /* newjsqTests.swift */,
				C82AE14C1CC5068800811BD9 /* Info.plist */,
			);
			path = newjsqTests;
			sourceTree = "<group>";
		};
		C82AE1541CC5068800811BD9 /* newjsqUITests */ = {
			isa = PBXGroup;
			children = (
				C82AE1551CC5068800811BD9 /* newjsqUITests.swift */,
				C82AE1571CC5068800811BD9 /* Info.plist */,
			);
			path = newjsqUITests;
			sourceTree = "<group>";
		};
/* End PBXGroup section */

/* Begin PBXNativeTarget section */
		C82AE1311CC5068800811BD9 /* newjsq */ = {
			isa = PBXNativeTarget;
			buildConfigurationList = C82AE15A1CC5068800811BD9 /* Build configuration list for PBXNativeTarget "newjsq" */;
			buildPhases = (
				C82AE12E1CC5068800811BD9 /* Sources */,
				C82AE12F1CC5068800811BD9 /* Frameworks */,
				C82AE1301CC5068800811BD9 /* Resources */,
			);
			buildRules = (
			);
			dependencies = (
			);
			name = newjsq;
			productName = newjsq;
			productReference = C82AE1321CC5068800811BD9 /* newjsq.app */;
			productType = "com.apple.product-type.application";
		};
		C82AE1451CC5068800811BD9 /* newjsqTests */ = {
			isa = PBXNativeTarget;
			buildConfigurationList = C82AE15D1CC5068800811BD9 /* Build configuration list for PBXNativeTarget "newjsqTests" */;
			buildPhases = (
				C82AE1421CC5068800811BD9 /* Sources */,
				C82AE1431CC5068800811BD9 /* Frameworks */,
				C82AE1441CC5068800811BD9 /* Resources */,
			);
			buildRules = (
			);
			dependencies = (
				C82AE1481CC5068800811BD9 /* PBXTargetDependency */,
			);
			name = newjsqTests;
			productName = newjsqTests;
			productReference = C82AE1461CC5068800811BD9 /* newjsqTests.xctest */;
			productType = "com.apple.product-type.bundle.unit-test";
		};
		C82AE1501CC5068800811BD9 /* newjsqUITests */ = {
			isa = PBXNativeTarget;
			buildConfigurationList = C82AE1601CC5068800811BD9 /* Build configuration list for PBXNativeTarget "newjsqUITests" */;
			buildPhases = (
				C82AE14D1CC5068800811BD9 /* Sources */,
				C82AE14E1CC5068800811BD9 /* Frameworks */,
				C82AE14F1CC5068800811BD9 /* Resources */,
			);
			buildRules = (
			);
			dependencies = (
				C82AE1531CC5068800811BD9 /* PBXTargetDependency */,
			);
			name = newjsqUITests;
			productName = newjsqUITests;
			productReference = C82AE1511CC5068800811BD9 /* newjsqUITests.xctest */;
			productType = "com.apple.product-type.bundle.ui-testing";
		};
/* End PBXNativeTarget section */

/* Begin PBXProject section */
		C82AE12A1CC5068800811BD9 /* Project object */ = {
			isa = PBXProject;
			attributes = {
				LastSwiftUpdateCheck = 0720;
				LastUpgradeCheck = 0720;
				ORGANIZATIONNAME = hqq1;
				TargetAttributes = {
					C82AE1311CC5068800811BD9 = {
						CreatedOnToolsVersion = 7.2;
					};
					C82AE1451CC5068800811BD9 = {
						CreatedOnToolsVersion = 7.2;
						TestTargetID = C82AE1311CC5068800811BD9;
					};
					C82AE1501CC5068800811BD9 = {
						CreatedOnToolsVersion = 7.2;
						TestTargetID = C82AE1311CC5068800811BD9;
					};
				};
			};
			buildConfigurationList = C82AE12D1CC5068800811BD9 /* Build configuration list for PBXProject "newjsq" */;
			compatibilityVersion = "Xcode 3.2";
			developmentRegion = English;
			hasScannedForEncodings = 0;
			knownRegions = (
				en,
				Base,
			);
			mainGroup = C82AE1291CC5068800811BD9;
			productRefGroup = C82AE1331CC5068800811BD9 /* Products */;
			projectDirPath = "";
			projectRoot = "";
			targets = (
				C82AE1311CC5068800811BD9 /* newjsq */,
				C82AE1451CC5068800811BD9 /* newjsqTests */,
				C82AE1501CC5068800811BD9 /* newjsqUITests */,
			);
		};
/* End PBXProject section */

/* Begin PBXResourcesBuildPhase section */
		C82AE1301CC5068800811BD9 /* Resources */ = {
			isa = PBXResourcesBuildPhase;
			buildActionMask = 2147483647;
			files = (
				C82AE1401CC5068800811BD9 /* LaunchScreen.storyboard in Resources */,
				C82AE13D1CC5068800811BD9 /* Assets.xcassets in Resources */,
				C82AE13B1CC5068800811BD9 /* Main.storyboard in Resources */,
			);
			runOnlyForDeploymentPostprocessing = 0;
		};
		C82AE1441CC5068800811BD9 /* Resources */ = {
			isa = PBXResourcesBuildPhase;
			buildActionMask = 2147483647;
			files = (
			);
			runOnlyForDeploymentPostprocessing = 0;
		};
		C82AE14F1CC5068800811BD9 /* Resources */ = {
			isa = PBXResourcesBuildPhase;
			buildActionMask = 2147483647;
			files = (
			);
			runOnlyForDeploymentPostprocessing = 0;
		};
/* End PBXResourcesBuildPhase section */

/* Begin PBXSourcesBuildPhase section */
		C82AE12E1CC5068800811BD9 /* Sources */ = {
			isa = PBXSourcesBuildPhase;
			buildActionMask = 2147483647;
			files = (
				C82AE1381CC5068800811BD9 /* ViewController.swift in Sources */,
				C82AE1361CC5068800811BD9 /* AppDelegate.swift in Sources */,
			);
			runOnlyForDeploymentPostprocessing = 0;
		};
		C82AE1421CC5068800811BD9 /* Sources */ = {
			isa = PBXSourcesBuildPhase;
			buildActionMask = 2147483647;
			files = (
				C82AE14B1CC5068800811BD9 /* newjsqTests.swift in Sources */,
			);
			runOnlyForDeploymentPostprocessing = 0;
		};
		C82AE14D1CC5068800811BD9 /* Sources */ = {
			isa = PBXSourcesBuildPhase;
			buildActionMask = 2147483647;
			files = (
				C82AE1561CC5068800811BD9 /* newjsqUITests.swift in Sources */,
			);
			runOnlyForDeploymentPostprocessing = 0;
		};
/* End PBXSourcesBuildPhase section */

/* Begin PBXTargetDependency section */
		C82AE1481CC5068800811BD9 /* PBXTargetDependency */ = {
			isa = PBXTargetDependency;
			target = C82AE1311CC5068800811BD9 /* newjsq */;
			targetProxy = C82AE1471CC5068800811BD9 /* PBXContainerItemProxy */;
		};
		C82AE1531CC5068800811BD9 /* PBXTargetDependency */ = {
			isa = PBXTargetDependency;
			target = C82AE1311CC5068800811BD9 /* newjsq */;
			targetProxy = C82AE1521CC5068800811BD9 /* PBXContainerItemProxy */;
		};
/* End PBXTargetDependency section */

/* Begin PBXVariantGroup section */
		C82AE1391CC5068800811BD9 /* Main.storyboard */ = {
			isa = PBXVariantGroup;
			children = (
				C82AE13A1CC5068800811BD9 /* Base */,
			);
			name = Main.storyboard;
			sourceTree = "<group>";
		};
		C82AE13E1CC5068800811BD9 /* LaunchScreen.storyboard */ = {
			isa = PBXVariantGroup;
			children = (
				C82AE13F1CC5068800811BD9 /* Base */,
			);
			name = LaunchScreen.storyboard;
			sourceTree = "<group>";
		};
/* End PBXVariantGroup section */

/* Begin XCBuildConfiguration section */
		C82AE1581CC5068800811BD9 /* Debug */ = {
			isa = XCBuildConfiguration;
			buildSettings = {
				ALWAYS_SEARCH_USER_PATHS = NO;
				CLANG_CXX_LANGUAGE_STANDARD = "gnu++0x";
				CLANG_CXX_LIBRARY = "libc++";
				CLANG_ENABLE_MODULES = YES;
				CLANG_ENABLE_OBJC_ARC = YES;
				CLANG_WARN_BOOL_CONVERSION = YES;
				CLANG_WARN_CONSTANT_CONVERSION = YES;
				CLANG_WARN_DIRECT_OBJC_ISA_USAGE = YES_ERROR;
				CLANG_WARN_EMPTY_BODY = YES;
				CLANG_WARN_ENUM_CONVERSION = YES;
				CLANG_WARN_INT_CONVERSION = YES;
				CLANG_WARN_OBJC_ROOT_CLASS = YES_ERROR;
				CLANG_WARN_UNREACHABLE_CODE = YES;
				CLANG_WARN__DUPLICATE_METHOD_MATCH = YES;
				"CODE_SIGN_IDENTITY[sdk=iphoneos*]" = "iPhone Developer";
				COPY_PHASE_STRIP = NO;
				DEBUG_INFORMATION_FORMAT = dwarf;
				ENABLE_STRICT_OBJC_MSGSEND = YES;
				ENABLE_TESTABILITY = YES;
				GCC_C_LANGUAGE_STANDARD = gnu99;
				GCC_DYNAMIC_NO_PIC = NO;
				GCC_NO_COMMON_BLOCKS = YES;
				GCC_OPTIMIZATION_LEVEL = 0;
				GCC_PREPROCESSOR_DEFINITIONS = (
					"DEBUG=1",
					"$(inherited)",
				);
				GCC_WARN_64_TO_32_BIT_CONVERSION = YES;
				GCC_WARN_ABOUT_RETURN_TYPE = YES_ERROR;
				GCC_WARN_UNDECLARED_SELECTOR = YES;
				GCC_WARN_UNINITIALIZED_AUTOS = YES_AGGRESSIVE;
				GCC_WARN_UNUSED_FUNCTION = YES;
				GCC_WARN_UNUSED_VARIABLE = YES;
				IPHONEOS_DEPLOYMENT_TARGET = 9.2;
				MTL_ENABLE_DEBUG_INFO = YES;
				ONLY_ACTIVE_ARCH = YES;
				SDKROOT = iphoneos;
				SWIFT_OPTIMIZATION_LEVEL = "-Onone";
				TARGETED_DEVICE_FAMILY = "1,2";
			};
			name = Debug;
		};
		C82AE1591CC5068800811BD9 /* Release */ = {
			isa = XCBuildConfiguration;
			buildSettings = {
				ALWAYS_SEARCH_USER_PATHS = NO;
				CLANG_CXX_LANGUAGE_STANDARD = "gnu++0x";
				CLANG_CXX_LIBRARY = "libc++";
				CLANG_ENABLE_MODULES = YES;
				CLANG_ENABLE_OBJC_ARC = YES;
				CLANG_WARN_BOOL_CONVERSION = YES;
				CLANG_WARN_CONSTANT_CONVERSION = YES;
				CLANG_WARN_DIRECT_OBJC_ISA_USAGE = YES_ERROR;
				CLANG_WARN_EMPTY_BODY = YES;
				CLANG_WARN_ENUM_CONVERSION = YES;
				CLANG_WARN_INT_CONVERSION = YES;
				CLANG_WARN_OBJC_ROOT_CLASS = YES_ERROR;
				CLANG_WARN_UNREACHABLE_CODE = YES;
				CLANG_WARN__DUPLICATE_METHOD_MATCH = YES;
				"CODE_SIGN_IDENTITY[sdk=iphoneos*]" = "iPhone Developer";
				COPY_PHASE_STRIP = NO;
				DEBUG_INFORMATION_FORMAT = "dwarf-with-dsym";
				ENABLE_NS_ASSERTIONS = NO;
				ENABLE_STRICT_OBJC_MSGSEND = YES;
				GCC_C_LANGUAGE_STANDARD = gnu99;
				GCC_NO_COMMON_BLOCKS = YES;
				GCC_WARN_64_TO_32_BIT_CONVERSION = YES;
				GCC_WARN_ABOUT_RETURN_TYPE = YES_ERROR;
				GCC_WARN_UNDECLARED_SELECTOR = YES;
				GCC_WARN_UNINITIALIZED_AUTOS = YES_AGGRESSIVE;
				GCC_WARN_UNUSED_FUNCTION = YES;
				GCC_WARN_UNUSED_VARIABLE = YES;
				IPHONEOS_DEPLOYMENT_TARGET = 9.2;
				MTL_ENABLE_DEBUG_INFO = NO;
				SDKROOT = iphoneos;
				TARGETED_DEVICE_FAMILY = "1,2";
				VALIDATE_PRODUCT = YES;
			};
			name = Release;
		};
		C82AE15B1CC5068800811BD9 /* Debug */ = {
			isa = XCBuildConfiguration;
			buildSettings = {
				ASSETCATALOG_COMPILER_APPICON_NAME = AppIcon;
				INFOPLIST_FILE = newjsq/Info.plist;
				LD_RUNPATH_SEARCH_PATHS = "$(inherited) @executable_path/Frameworks";
				PRODUCT_BUNDLE_IDENTIFIER = hqq.newjsq;
				PRODUCT_NAME = "$(TARGET_NAME)";
			};
			name = Debug;
		};
		C82AE15C1CC5068800811BD9 /* Release */ = {
			isa = XCBuildConfiguration;
			buildSettings = {
				ASSETCATALOG_COMPILER_APPICON_NAME = AppIcon;
				INFOPLIST_FILE = newjsq/Info.plist;
				LD_RUNPATH_SEARCH_PATHS = "$(inherited) @executable_path/Frameworks";
				PRODUCT_BUNDLE_IDENTIFIER = hqq.newjsq;
				PRODUCT_NAME = "$(TARGET_NAME)";
			};
			name = Release;
		};
		C82AE15E1CC5068800811BD9 /* Debug */ = {
			isa = XCBuildConfiguration;
			buildSettings = {
				BUNDLE_LOADER = "$(TEST_HOST)";
				INFOPLIST_FILE = newjsqTests/Info.plist;
				LD_RUNPATH_SEARCH_PATHS = "$(inherited) @executable_path/Frameworks @loader_path/Frameworks";
				PRODUCT_BUNDLE_IDENTIFIER = hqq.newjsqTests;
				PRODUCT_NAME = "$(TARGET_NAME)";
				TEST_HOST = "$(BUILT_PRODUCTS_DIR)/newjsq.app/newjsq";
			};
			name = Debug;
		};
		C82AE15F1CC5068800811BD9 /* Release */ = {
			isa = XCBuildConfiguration;
			buildSettings = {
				BUNDLE_LOADER = "$(TEST_HOST)";
				INFOPLIST_FILE = newjsqTests/Info.plist;
				LD_RUNPATH_SEARCH_PATHS = "$(inherited) @executable_path/Frameworks @loader_path/Frameworks";
				PRODUCT_BUNDLE_IDENTIFIER = hqq.newjsqTests;
				PRODUCT_NAME = "$(TARGET_NAME)";
				TEST_HOST = "$(BUILT_PRODUCTS_DIR)/newjsq.app/newjsq";
			};
			name = Release;
		};
		C82AE1611CC5068800811BD9 /* Debug */ = {
			isa = XCBuildConfiguration;
			buildSettings = {
				INFOPLIST_FILE = newjsqUITests/Info.plist;
				LD_RUNPATH_SEARCH_PATHS = "$(inherited) @executable_path/Frameworks @loader_path/Frameworks";
				PRODUCT_BUNDLE_IDENTIFIER = hqq.newjsqUITests;
				PRODUCT_NAME = "$(TARGET_NAME)";
				TEST_TARGET_NAME = newjsq;
				USES_XCTRUNNER = YES;
			};
			name = Debug;
		};
		C82AE1621CC5068800811BD9 /* Release */ = {
			isa = XCBuildConfiguration;
			buildSettings = {
				INFOPLIST_FILE = newjsqUITests/Info.plist;
				LD_RUNPATH_SEARCH_PATHS = "$(inherited) @executable_path/Frameworks @loader_path/Frameworks";
				PRODUCT_BUNDLE_IDENTIFIER = hqq.newjsqUITests;
				PRODUCT_NAME = "$(TARGET_NAME)";
				TEST_TARGET_NAME = newjsq;
				USES_XCTRUNNER = YES;
			};
			name = Release;
		};
/* End XCBuildConfiguration section */

/* Begin XCConfigurationList section */
		C82AE12D1CC5068800811BD9 /* Build configuration list for PBXProject "newjsq" */ = {
			isa = XCConfigurationList;
			buildConfigurations = (
				C82AE1581CC5068800811BD9 /* Debug */,
				C82AE1591CC5068800811BD9 /* Release */,
			);
			defaultConfigurationIsVisible = 0;
			defaultConfigurationName = Release;
		};
		C82AE15A1CC5068800811BD9 /* Build configuration list for PBXNativeTarget "newjsq" */ = {
			isa = XCConfigurationList;
			buildConfigurations = (
				C82AE15B1CC5068800811BD9 /* Debug */,
				C82AE15C1CC5068800811BD9 /* Release */,
			);
			defaultConfigurationIsVisible = 0;
		};
		C82AE15D1CC5068800811BD9 /* Build configuration list for PBXNativeTarget "newjsqTests" */ = {
			isa = XCConfigurationList;
			buildConfigurations = (
				C82AE15E1CC5068800811BD9 /* Debug */,
				C82AE15F1CC5068800811BD9 /* Release */,
			);
			defaultConfigurationIsVisible = 0;
		};
		C82AE1601CC5068800811BD9 /* Build configuration list for PBXNativeTarget "newjsqUITests" */ = {
			isa = XCConfigurationList;
			buildConfigurations = (
				C82AE1611CC5068800811BD9 /* Debug */,
				C82AE1621CC5068800811BD9 /* Release */,
			);
			defaultConfigurationIsVisible = 0;
		};
/* End XCConfigurationList section */
	};
	rootObject = C82AE12A1CC5068800811BD9 /* Project object */;
}
